# THIS IS AN AUTOGENERATED FILE. DO NOT EDIT THIS FILE DIRECTLY.
# yarn lockfile v1


"@mwcz/rtw-render@^1.0.0":
  version "1.0.8"
  resolved "https://registry.yarnpkg.com/@mwcz/rtw-render/-/rtw-render-1.0.8.tgz#75d7829d6d048a5e023a7e6c37c71a7aa905dd48"
  integrity sha512-vqTxAHNpQCXHMkkN4/Jh5f0BLJL82HSdpgSfx59LGq61vHNKGqGh8oolAPRiqSacGiIJHS4cymyKjq/JBarcTQ==
