# THIS IS AN AUTOGENERATED FILE. DO NOT EDIT THIS FILE DIRECTLY.
# yarn lockfile v1


"@mwcz/rtw-render@^1.0.0":
  version "1.0.11"
  resolved "https://registry.yarnpkg.com/@mwcz/rtw-render/-/rtw-render-1.0.11.tgz#9134de533589b72f646f18aa455f7790af3fe581"
  integrity sha512-iG3k3zSSzlsZfz57uVsY8B5HdA/fURWizFJh+xpPAJs8Vgqc3S+FiOB4qvkgDBeaXJENq+F3iap4Qs4ug/5fIQ==
