# THIS IS AN AUTOGENERATED FILE. DO NOT EDIT THIS FILE DIRECTLY.
# yarn lockfile v1


"@mwcz/rtw-render@^1.0.0":
  version "1.1.0"
  resolved "https://registry.yarnpkg.com/@mwcz/rtw-render/-/rtw-render-1.1.0.tgz#4dfc07bb0fe0d21ce8557e1a71d16a013a9b12d3"
  integrity sha512-tDmvfzZoX3VfM0Iz4SEkQ0fQXSP96VEeln2DX2sZquCuTI+SrwbLK4eNMFjbsmIjv6xXH+N0i825s/tQSZ0KLw==
