# THIS IS AN AUTOGENERATED FILE. DO NOT EDIT THIS FILE DIRECTLY.
# yarn lockfile v1


"@mwcz/rtw-render@^1.0.0":
  version "1.0.17"
  resolved "https://registry.yarnpkg.com/@mwcz/rtw-render/-/rtw-render-1.0.17.tgz#7751e894677ae0a495d85e25343a274ae6de104f"
  integrity sha512-VrkV3YSErmentTjz5V3YXZkptE9T/ql9bNuXsPXwK/y6yKqygtOC8+Vir8f/8YUFjtcdEwY3lWBMsxIk3HvHJQ==
